
Microsoft Visual Studio Solution File, Format Version 12.00
# Visual Studio Version 16
VisualStudioVersion = 16.0.30523.141
MinimumVisualStudioVersion = 10.0.40219.1
Project("{FAE04EC0-301F-11D3-BF4B-00C04F79EFBC}") = "GroupCoursework", "GroupCoursework.csproj", "{9CE8C3EC-3245-4EF9-A82B-ECAA80F3DCDE}"
EndProject
Global
	GlobalSection(SolutionConfigurationPlatforms) = preSolution
		Debug|Any CPU = Debug|Any CPU
		Release|Any CPU = Release|Any CPU
	EndGlobalSection
	GlobalSection(ProjectConfigurationPlatforms) = postSolution
		{9CE8C3EC-3245-4EF9-A82B-ECAA80F3DCDE}.Debug|Any CPU.ActiveCfg = Debug|Any CPU
		{9CE8C3EC-3245-4EF9-A82B-ECAA80F3DCDE}.Debug|Any CPU.Build.0 = Debug|Any CPU
		{9CE8C3EC-3245-4EF9-A82B-ECAA80F3DCDE}.Release|Any CPU.ActiveCfg = Release|Any CPU
		{9CE8C3EC-3245-4EF9-A82B-ECAA80F3DCDE}.Release|Any CPU.Build.0 = Release|Any CPU
	EndGlobalSection
	GlobalSection(SolutionProperties) = preSolution
		HideSolutionNode = FALSE
	EndGlobalSection
	GlobalSection(ExtensibilityGlobals) = postSolution
		SolutionGuid = {19E2DDDA-BCF9-483D-A597-76198A6E0913}
	EndGlobalSection
EndGlobal
